PODS:
  - Flutter (1.0.0)
  - flutter_onfido_plus_ios (0.0.1):
    - Flutter
    - Onfido (= 25.1.1)
  - Onfido (25.1.1)

DEPENDENCIES:
  - Flutter (from `Flutter`)
  - flutter_onfido_plus_ios (from `.symlinks/plugins/flutter_onfido_plus_ios/ios`)
  - Onfido (= 25.1.1)

SPEC REPOS:
  trunk:
    - Onfido

EXTERNAL SOURCES:
  Flutter:
    :path: Flutter
  flutter_onfido_plus_ios:
    :path: ".symlinks/plugins/flutter_onfido_plus_ios/ios"

SPEC CHECKSUMS:
  Flutter: 50d75fe2f02b26cc09d224853bb45737f8b3214a
  flutter_onfido_plus_ios: 78f4b0f531bee8753cf3cd96ce5700316cf73604
  Onfido: 7b3fe080dc36420798d63a2a3b858718538aecdd

PODFILE CHECKSUM: 156a099bfad2920a3bba6f1ab3fd12cfb570bcba

COCOAPODS: 1.11.3
