PODS:
  - Flutter (1.0.0)
  - flutter_onfido_plus_ios (0.0.1):
    - Flutter

DEPENDENCIES:
  - Flutter (from `Flutter`)
  - flutter_onfido_plus_ios (from `.symlinks/plugins/flutter_onfido_plus_ios/ios`)

EXTERNAL SOURCES:
  Flutter:
    :path: Flutter
  flutter_onfido_plus_ios:
    :path: ".symlinks/plugins/flutter_onfido_plus_ios/ios"

SPEC CHECKSUMS:
  Flutter: 50d75fe2f02b26cc09d224853bb45737f8b3214a
  flutter_onfido_plus_ios: 70186f53c6811487d34c38a6dbb11c5d88faff85

PODFILE CHECKSUM: d2dfe01f03d72131b737fa6d2ba5d7f23606bd41

COCOAPODS: 1.11.3
